{
  "nodes": {
    "flakeNimbleLib": {
      "inputs": {
        "nixpkgs": [
          "nixpkgs"
        ]
      },
      "locked": {
        "lastModified": 1662018438,
        "narHash": "sha256-QtNtU6+LX3Wokxf0zlFwKTFOcn6TeDjKQZ+DA9OYtvM=",
        "owner": "riinr",
        "repo": "nim-flakes-lib",
        "rev": "b1fe8340736e3a85d25c709ac3dfd82a55c03cbf",
        "type": "github"
      },
      "original": {
        "owner": "riinr",
        "ref": "master",
        "repo": "nim-flakes-lib",
        "type": "github"
      }
    },
    "nixpkgs": {
      "locked": {
        "lastModified": 1667110639,
        "narHash": "sha256-4FbPESZ5LbqQxkJJJBAfk/zKgF9h/4kyUwjjpJwYlbc=",
        "owner": "NixOS",
        "repo": "nixpkgs",
        "rev": "f38a1f04d1bec1feb61fd101a0539ae2002a7087",
        "type": "github"
      },
      "original": {
        "id": "nixpkgs",
        "type": "indirect"
      }
    },
    "root": {
      "inputs": {
        "flakeNimbleLib": "flakeNimbleLib",
        "nixpkgs": "nixpkgs",
        "wttrin-master": "wttrin-master"
      }
    },
    "src-wttrin-master": {
      "flake": false,
      "locked": {
        "lastModified": 1657247690,
        "narHash": "sha256-FriCXRh9JoAh2C1W8gzQ+FlEZHdPwZ0ADcZiFQhXU2U=",
        "owner": "Infinitybeond1",
        "repo": "wttrin",
        "rev": "9d686850b8fb633b7d287b25b4e03de149f4e9b1",
        "type": "github"
      },
      "original": {
        "owner": "Infinitybeond1",
        "ref": "refs/heads/master",
        "repo": "wttrin",
        "type": "github"
      }
    },
    "wttrin-master": {
      "inputs": {
        "flakeNimbleLib": [
          "flakeNimbleLib"
        ],
        "nixpkgs": [
          "nixpkgs"
        ],
        "src-wttrin-master": "src-wttrin-master"
      },
      "locked": {
        "dir": "master",
        "lastModified": 1662254944,
        "narHash": "sha256-b1oovb6o7YUqEgPKb03zJ6ZhaPJAIgeO4T7DCt4MpEY=",
        "owner": "nim-nix-pkgs",
        "repo": "wttrin",
        "rev": "0547bb5cbf031d4fcd7f7294283e0d0abdf9eb9a",
        "type": "github"
      },
      "original": {
        "dir": "master",
        "owner": "nim-nix-pkgs",
        "ref": "master",
        "repo": "wttrin",
        "type": "github"
      }
    }
  },
  "root": "root",
  "version": 7
}
