{
  "nodes": {
    "flakeNimbleLib": {
      "inputs": {
        "nixpkgs": [
          "nixpkgs"
        ]
      },
      "locked": {
        "lastModified": 1662018438,
        "narHash": "sha256-QtNtU6+LX3Wokxf0zlFwKTFOcn6TeDjKQZ+DA9OYtvM=",
        "owner": "riinr",
        "repo": "nim-flakes-lib",
        "rev": "b1fe8340736e3a85d25c709ac3dfd82a55c03cbf",
        "type": "github"
      },
      "original": {
        "owner": "riinr",
        "ref": "master",
        "repo": "nim-flakes-lib",
        "type": "github"
      }
    },
    "nixpkgs": {
      "locked": {
        "lastModified": 1667199707,
        "narHash": "sha256-I2Js3Y7gUyVSEXPULHlBoRek4Lh85vnevdS6mdvDNLI=",
        "owner": "NixOS",
        "repo": "nixpkgs",
        "rev": "ced197be72099edcfa68ebed8b87af7b04851f45",
        "type": "github"
      },
      "original": {
        "id": "nixpkgs",
        "type": "indirect"
      }
    },
    "root": {
      "inputs": {
        "flakeNimbleLib": "flakeNimbleLib",
        "nixpkgs": "nixpkgs",
        "wttrin-master": "wttrin-master"
      }
    },
    "src-wttrin-master": {
      "flake": false,
      "locked": {
        "lastModified": 1663976642,
        "narHash": "sha256-jTgM8bq2H/pXbaXQYYNo4tv3gPJafzFkakYTdNrEv9Y=",
        "owner": "Infinitybeond1",
        "repo": "wttrin",
        "rev": "8dcd42088d5844c68a916d117ebc8a2faac3ab33",
        "type": "github"
      },
      "original": {
        "owner": "Infinitybeond1",
        "ref": "refs/heads/master",
        "repo": "wttrin",
        "type": "github"
      }
    },
    "wttrin-master": {
      "inputs": {
        "flakeNimbleLib": [
          "flakeNimbleLib"
        ],
        "nixpkgs": [
          "nixpkgs"
        ],
        "src-wttrin-master": "src-wttrin-master"
      },
      "locked": {
        "dir": "master",
        "lastModified": 1667322804,
        "narHash": "sha256-fmbhk4tsUxvJk3RVp3CjLmJmhaHVR+Kjij801DGW2/Q=",
        "owner": "nim-nix-pkgs",
        "repo": "wttrin",
        "rev": "92728e37c67450dbab7a4ee0c264be83089f95f4",
        "type": "github"
      },
      "original": {
        "dir": "master",
        "owner": "nim-nix-pkgs",
        "ref": "master",
        "repo": "wttrin",
        "type": "github"
      }
    }
  },
  "root": "root",
  "version": 7
}
